
Microsoft Visual Studio Solution File, Format Version 12.00
# Visual Studio Version 17
VisualStudioVersion = 17.9.34714.143
MinimumVisualStudioVersion = 10.0.40219.1
Project("{FAE04EC0-301F-11D3-BF4B-00C04F79EFBC}") = "SensorsHub", "SensorsHub.csproj", "{0BC44C41-A3E9-4CA1-B128-F7FE7C12EB5C}"
EndProject
Global
	GlobalSection(SolutionConfigurationPlatforms) = preSolution
		Debug|Any CPU = Debug|Any CPU
		Release|Any CPU = Release|Any CPU
	EndGlobalSection
	GlobalSection(ProjectConfigurationPlatforms) = postSolution
		{0BC44C41-A3E9-4CA1-B128-F7FE7C12EB5C}.Debug|Any CPU.ActiveCfg = Debug|Any CPU
		{0BC44C41-A3E9-4CA1-B128-F7FE7C12EB5C}.Debug|Any CPU.Build.0 = Debug|Any CPU
		{0BC44C41-A3E9-4CA1-B128-F7FE7C12EB5C}.Release|Any CPU.ActiveCfg = Release|Any CPU
		{0BC44C41-A3E9-4CA1-B128-F7FE7C12EB5C}.Release|Any CPU.Build.0 = Release|Any CPU
	EndGlobalSection
	GlobalSection(SolutionProperties) = preSolution
		HideSolutionNode = FALSE
	EndGlobalSection
	GlobalSection(ExtensibilityGlobals) = postSolution
		SolutionGuid = {479A6B07-0B58-4B97-9BB7-B82D9F49CBBF}
	EndGlobalSection
EndGlobal
